
Microsoft Visual Studio Solution File, Format Version 12.00
# Visual Studio Version 17
VisualStudioVersion = 17.2.32516.85
MinimumVisualStudioVersion = 10.0.40219.1
Project("{FAE04EC0-301F-11D3-BF4B-00C04F79EFBC}") = "test-generator-pass", "test-generator-pass\test-generator-pass.csproj", "{C1E0D321-04D9-4169-A51E-5CD4DFC80DCF}"
EndProject
Global
	GlobalSection(SolutionConfigurationPlatforms) = preSolution
		Debug|Any CPU = Debug|Any CPU
		Release|Any CPU = Release|Any CPU
	EndGlobalSection
	GlobalSection(ProjectConfigurationPlatforms) = postSolution
		{C1E0D321-04D9-4169-A51E-5CD4DFC80DCF}.Debug|Any CPU.ActiveCfg = Debug|Any CPU
		{C1E0D321-04D9-4169-A51E-5CD4DFC80DCF}.Debug|Any CPU.Build.0 = Debug|Any CPU
		{C1E0D321-04D9-4169-A51E-5CD4DFC80DCF}.Release|Any CPU.ActiveCfg = Release|Any CPU
		{C1E0D321-04D9-4169-A51E-5CD4DFC80DCF}.Release|Any CPU.Build.0 = Release|Any CPU
	EndGlobalSection
	GlobalSection(SolutionProperties) = preSolution
		HideSolutionNode = FALSE
	EndGlobalSection
	GlobalSection(ExtensibilityGlobals) = postSolution
		SolutionGuid = {B960554E-06E0-4264-A033-C853EC6406D4}
	EndGlobalSection
EndGlobal
